# This file is automatically @generated by Cargo.
# It is not intended for manual editing.
version = 3

[[package]]
name = "zero_ecs"
version = "0.1.0"

[[package]]
name = "zero_ecs_build"
version = "0.1.0"

[[package]]
name = "zero_ecs_macros"
version = "0.1.0"

[[package]]
name = "zero_ecs_testbed"
version = "0.1.0"
